
Microsoft Visual Studio Solution File, Format Version 12.00
# Visual Studio 2013
VisualStudioVersion = 12.0.31101.0
MinimumVisualStudioVersion = 10.0.40219.1
Project("{FAE04EC0-301F-11D3-BF4B-00C04F79EFBC}") = "Passaparola Oyunu", "Passaparola Oyunu\Passaparola Oyunu.csproj", "{AC542C65-29A2-4AF1-A338-647E8B8E3404}"
EndProject
Global
	GlobalSection(SolutionConfigurationPlatforms) = preSolution
		Debug|Any CPU = Debug|Any CPU
		Release|Any CPU = Release|Any CPU
	EndGlobalSection
	GlobalSection(ProjectConfigurationPlatforms) = postSolution
		{AC542C65-29A2-4AF1-A338-647E8B8E3404}.Debug|Any CPU.ActiveCfg = Debug|Any CPU
		{AC542C65-29A2-4AF1-A338-647E8B8E3404}.Debug|Any CPU.Build.0 = Debug|Any CPU
		{AC542C65-29A2-4AF1-A338-647E8B8E3404}.Release|Any CPU.ActiveCfg = Release|Any CPU
		{AC542C65-29A2-4AF1-A338-647E8B8E3404}.Release|Any CPU.Build.0 = Release|Any CPU
	EndGlobalSection
	GlobalSection(SolutionProperties) = preSolution
		HideSolutionNode = FALSE
	EndGlobalSection
EndGlobal
